
Microsoft Visual Studio Solution File, Format Version 12.00
# Visual Studio Version 17
VisualStudioVersion = 17.8.34511.84
MinimumVisualStudioVersion = 10.0.40219.1
Project("{FAE04EC0-301F-11D3-BF4B-00C04F79EFBC}") = "Get Facebook UDID by Anh2Ten", "Get Facebook UDID by Anh2Ten.csproj", "{682150EA-94AC-4854-AF5B-68A97563B985}"
EndProject
Global
	GlobalSection(SolutionConfigurationPlatforms) = preSolution
		Debug|Any CPU = Debug|Any CPU
		Release|Any CPU = Release|Any CPU
	EndGlobalSection
	GlobalSection(ProjectConfigurationPlatforms) = postSolution
		{682150EA-94AC-4854-AF5B-68A97563B985}.Debug|Any CPU.ActiveCfg = Debug|Any CPU
		{682150EA-94AC-4854-AF5B-68A97563B985}.Debug|Any CPU.Build.0 = Debug|Any CPU
		{682150EA-94AC-4854-AF5B-68A97563B985}.Release|Any CPU.ActiveCfg = Release|Any CPU
		{682150EA-94AC-4854-AF5B-68A97563B985}.Release|Any CPU.Build.0 = Release|Any CPU
	EndGlobalSection
	GlobalSection(SolutionProperties) = preSolution
		HideSolutionNode = FALSE
	EndGlobalSection
	GlobalSection(ExtensibilityGlobals) = postSolution
		SolutionGuid = {08FF11F0-4EDF-4312-99AD-F64A86ABE203}
	EndGlobalSection
EndGlobal
